// !$*UTF8*$!
{
	archiveVersion = 1;
	classes = {
	};
	objectVersion = 55;
	objects = {

/* Begin PBXBuildFile section */
		5F694ADD277DC761007BF80A /* AppDelegate.swift in Sources */ = {isa = PBXBuildFile; fileRef = 5F694ADC277DC761007BF80A /* AppDelegate.swift */; };
		5F694ADF277DC761007BF80A /* SceneDelegate.swift in Sources */ = {isa = PBXBuildFile; fileRef = 5F694ADE277DC761007BF80A /* SceneDelegate.swift */; };
		5F694AE1277DC761007BF80A /* LoginViewController.swift in Sources */ = {isa = PBXBuildFile; fileRef = 5F694AE0277DC761007BF80A /* LoginViewController.swift */; };
		5F694AE4277DC761007BF80A /* Main.storyboard in Resources */ = {isa = PBXBuildFile; fileRef = 5F694AE2277DC761007BF80A /* Main.storyboard */; };
		5F694AE7277DC761007BF80A /* Messenger_Application.xcdatamodeld in Sources */ = {isa = PBXBuildFile; fileRef = 5F694AE5277DC761007BF80A /* Messenger_Application.xcdatamodeld */; };
		5F694AE9277DC76A007BF80A /* Assets.xcassets in Resources */ = {isa = PBXBuildFile; fileRef = 5F694AE8277DC76A007BF80A /* Assets.xcassets */; };
		5F694AEC277DC76A007BF80A /* LaunchScreen.storyboard in Resources */ = {isa = PBXBuildFile; fileRef = 5F694AEA277DC76A007BF80A /* LaunchScreen.storyboard */; };
		5FD6745B277E291000150D0D /* GoogleService-Info.plist in Resources */ = {isa = PBXBuildFile; fileRef = 5FD6745A277E291000150D0D /* GoogleService-Info.plist */; };
		5FD6745E277E2A0E00150D0D /* FirebaseAnalytics in Frameworks */ = {isa = PBXBuildFile; productRef = 5FD6745D277E2A0E00150D0D /* FirebaseAnalytics */; };
		5FD67460277E2A0E00150D0D /* FirebaseAuth in Frameworks */ = {isa = PBXBuildFile; productRef = 5FD6745F277E2A0E00150D0D /* FirebaseAuth */; };
		5FD67462277E2A0E00150D0D /* FirebaseDatabase in Frameworks */ = {isa = PBXBuildFile; productRef = 5FD67461277E2A0E00150D0D /* FirebaseDatabase */; };
		5FD67464277E2A0E00150D0D /* FirebaseStorage in Frameworks */ = {isa = PBXBuildFile; productRef = 5FD67463277E2A0E00150D0D /* FirebaseStorage */; };
/* End PBXBuildFile section */

/* Begin PBXFileReference section */
		5F694AD9277DC761007BF80A /* Messenger Application.app */ = {isa = PBXFileReference; explicitFileType = wrapper.application; includeInIndex = 0; path = "Messenger Application.app"; sourceTree = BUILT_PRODUCTS_DIR; };
		5F694ADC277DC761007BF80A /* AppDelegate.swift */ = {isa = PBXFileReference; lastKnownFileType = sourcecode.swift; path = AppDelegate.swift; sourceTree = "<group>"; };
		5F694ADE277DC761007BF80A /* SceneDelegate.swift */ = {isa = PBXFileReference; lastKnownFileType = sourcecode.swift; path = SceneDelegate.swift; sourceTree = "<group>"; };
		5F694AE0277DC761007BF80A /* LoginViewController.swift */ = {isa = PBXFileReference; lastKnownFileType = sourcecode.swift; path = LoginViewController.swift; sourceTree = "<group>"; };
		5F694AE3277DC761007BF80A /* Base */ = {isa = PBXFileReference; lastKnownFileType = file.storyboard; name = Base; path = Base.lproj/Main.storyboard; sourceTree = "<group>"; };
		5F694AE6277DC761007BF80A /* Messenger_Application.xcdatamodel */ = {isa = PBXFileReference; lastKnownFileType = wrapper.xcdatamodel; path = Messenger_Application.xcdatamodel; sourceTree = "<group>"; };
		5F694AE8277DC76A007BF80A /* Assets.xcassets */ = {isa = PBXFileReference; lastKnownFileType = folder.assetcatalog; path = Assets.xcassets; sourceTree = "<group>"; };
		5F694AEB277DC76A007BF80A /* Base */ = {isa = PBXFileReference; lastKnownFileType = file.storyboard; name = Base; path = Base.lproj/LaunchScreen.storyboard; sourceTree = "<group>"; };
		5F694AED277DC76A007BF80A /* Info.plist */ = {isa = PBXFileReference; lastKnownFileType = text.plist.xml; path = Info.plist; sourceTree = "<group>"; };
		5FD6745A277E291000150D0D /* GoogleService-Info.plist */ = {isa = PBXFileReference; fileEncoding = 4; lastKnownFileType = text.plist.xml; path = "GoogleService-Info.plist"; sourceTree = "<group>"; };
/* End PBXFileReference section */

/* Begin PBXFrameworksBuildPhase section */
		5F694AD6277DC761007BF80A /* Frameworks */ = {
			isa = PBXFrameworksBuildPhase;
			buildActionMask = 2147483647;
			files = (
				5FD67462277E2A0E00150D0D /* FirebaseDatabase in Frameworks */,
				5FD67464277E2A0E00150D0D /* FirebaseStorage in Frameworks */,
				5FD6745E277E2A0E00150D0D /* FirebaseAnalytics in Frameworks */,
				5FD67460277E2A0E00150D0D /* FirebaseAuth in Frameworks */,
			);
			runOnlyForDeploymentPostprocessing = 0;
		};
/* End PBXFrameworksBuildPhase section */

/* Begin PBXGroup section */
		5F694AD0277DC760007BF80A = {
			isa = PBXGroup;
			children = (
				5F694ADB277DC761007BF80A /* Messenger Application */,
				5F694ADA277DC761007BF80A /* Products */,
			);
			sourceTree = "<group>";
		};
		5F694ADA277DC761007BF80A /* Products */ = {
			isa = PBXGroup;
			children = (
				5F694AD9277DC761007BF80A /* Messenger Application.app */,
			);
			name = Products;
			sourceTree = "<group>";
		};
		5F694ADB277DC761007BF80A /* Messenger Application */ = {
			isa = PBXGroup;
			children = (
				5F694ADC277DC761007BF80A /* AppDelegate.swift */,
				5F694ADE277DC761007BF80A /* SceneDelegate.swift */,
				5F694AE0277DC761007BF80A /* LoginViewController.swift */,
				5F694AE2277DC761007BF80A /* Main.storyboard */,
				5F694AE8277DC76A007BF80A /* Assets.xcassets */,
				5F694AEA277DC76A007BF80A /* LaunchScreen.storyboard */,
				5F694AED277DC76A007BF80A /* Info.plist */,
				5F694AE5277DC761007BF80A /* Messenger_Application.xcdatamodeld */,
				5FD6745A277E291000150D0D /* GoogleService-Info.plist */,
			);
			path = "Messenger Application";
			sourceTree = "<group>";
		};
/* End PBXGroup section */

/* Begin PBXNativeTarget section */
		5F694AD8277DC761007BF80A /* Messenger Application */ = {
			isa = PBXNativeTarget;
			buildConfigurationList = 5F694AF0277DC76A007BF80A /* Build configuration list for PBXNativeTarget "Messenger Application" */;
			buildPhases = (
				5F694AD5277DC761007BF80A /* Sources */,
				5F694AD6277DC761007BF80A /* Frameworks */,
				5F694AD7277DC761007BF80A /* Resources */,
			);
			buildRules = (
			);
			dependencies = (
			);
			name = "Messenger Application";
			packageProductDependencies = (
				5FD6745D277E2A0E00150D0D /* FirebaseAnalytics */,
				5FD6745F277E2A0E00150D0D /* FirebaseAuth */,
				5FD67461277E2A0E00150D0D /* FirebaseDatabase */,
				5FD67463277E2A0E00150D0D /* FirebaseStorage */,
			);
			productName = "Messenger Application";
			productReference = 5F694AD9277DC761007BF80A /* Messenger Application.app */;
			productType = "com.apple.product-type.application";
		};
/* End PBXNativeTarget section */

/* Begin PBXProject section */
		5F694AD1277DC761007BF80A /* Project object */ = {
			isa = PBXProject;
			attributes = {
				BuildIndependentTargetsInParallel = 1;
				LastSwiftUpdateCheck = 1310;
				LastUpgradeCheck = 1310;
				TargetAttributes = {
					5F694AD8277DC761007BF80A = {
						CreatedOnToolsVersion = 13.1;
					};
				};
			};
			buildConfigurationList = 5F694AD4277DC761007BF80A /* Build configuration list for PBXProject "Messenger Application" */;
			compatibilityVersion = "Xcode 13.0";
			developmentRegion = en;
			hasScannedForEncodings = 0;
			knownRegions = (
				en,
				Base,
			);
			mainGroup = 5F694AD0277DC760007BF80A;
			packageReferences = (
				5FD6745C277E2A0D00150D0D /* XCRemoteSwiftPackageReference "firebase-ios-sdk" */,
			);
			productRefGroup = 5F694ADA277DC761007BF80A /* Products */;
			projectDirPath = "";
			projectRoot = "";
			targets = (
				5F694AD8277DC761007BF80A /* Messenger Application */,
			);
		};
/* End PBXProject section */

/* Begin PBXResourcesBuildPhase section */
		5F694AD7277DC761007BF80A /* Resources */ = {
			isa = PBXResourcesBuildPhase;
			buildActionMask = 2147483647;
			files = (
				5F694AEC277DC76A007BF80A /* LaunchScreen.storyboard in Resources */,
				5FD6745B277E291000150D0D /* GoogleService-Info.plist in Resources */,
				5F694AE9277DC76A007BF80A /* Assets.xcassets in Resources */,
				5F694AE4277DC761007BF80A /* Main.storyboard in Resources */,
			);
			runOnlyForDeploymentPostprocessing = 0;
		};
/* End PBXResourcesBuildPhase section */

/* Begin PBXSourcesBuildPhase section */
		5F694AD5277DC761007BF80A /* Sources */ = {
			isa = PBXSourcesBuildPhase;
			buildActionMask = 2147483647;
			files = (
				5F694AE1277DC761007BF80A /* LoginViewController.swift in Sources */,
				5F694ADD277DC761007BF80A /* AppDelegate.swift in Sources */,
				5F694AE7277DC761007BF80A /* Messenger_Application.xcdatamodeld in Sources */,
				5F694ADF277DC761007BF80A /* SceneDelegate.swift in Sources */,
			);
			runOnlyForDeploymentPostprocessing = 0;
		};
/* End PBXSourcesBuildPhase section */

/* Begin PBXVariantGroup section */
		5F694AE2277DC761007BF80A /* Main.storyboard */ = {
			isa = PBXVariantGroup;
			children = (
				5F694AE3277DC761007BF80A /* Base */,
			);
			name = Main.storyboard;
			sourceTree = "<group>";
		};
		5F694AEA277DC76A007BF80A /* LaunchScreen.storyboard */ = {
			isa = PBXVariantGroup;
			children = (
				5F694AEB277DC76A007BF80A /* Base */,
			);
			name = LaunchScreen.storyboard;
			sourceTree = "<group>";
		};
/* End PBXVariantGroup section */

/* Begin XCBuildConfiguration section */
		5F694AEE277DC76A007BF80A /* Debug */ = {
			isa = XCBuildConfiguration;
			buildSettings = {
				ALWAYS_SEARCH_USER_PATHS = NO;
				CLANG_ANALYZER_NONNULL = YES;
				CLANG_ANALYZER_NUMBER_OBJECT_CONVERSION = YES_AGGRESSIVE;
				CLANG_CXX_LANGUAGE_STANDARD = "gnu++17";
				CLANG_CXX_LIBRARY = "libc++";
				CLANG_ENABLE_MODULES = YES;
				CLANG_ENABLE_OBJC_ARC = YES;
				CLANG_ENABLE_OBJC_WEAK = YES;
				CLANG_WARN_BLOCK_CAPTURE_AUTORELEASING = YES;
				CLANG_WARN_BOOL_CONVERSION = YES;
				CLANG_WARN_COMMA = YES;
				CLANG_WARN_CONSTANT_CONVERSION = YES;
				CLANG_WARN_DEPRECATED_OBJC_IMPLEMENTATIONS = YES;
				CLANG_WARN_DIRECT_OBJC_ISA_USAGE = YES_ERROR;
				CLANG_WARN_DOCUMENTATION_COMMENTS = YES;
				CLANG_WARN_EMPTY_BODY = YES;
				CLANG_WARN_ENUM_CONVERSION = YES;
				CLANG_WARN_INFINITE_RECURSION = YES;
				CLANG_WARN_INT_CONVERSION = YES;
				CLANG_WARN_NON_LITERAL_NULL_CONVERSION = YES;
				CLANG_WARN_OBJC_IMPLICIT_RETAIN_SELF = YES;
				CLANG_WARN_OBJC_LITERAL_CONVERSION = YES;
				CLANG_WARN_OBJC_ROOT_CLASS = YES_ERROR;
				CLANG_WARN_QUOTED_INCLUDE_IN_FRAMEWORK_HEADER = YES;
				CLANG_WARN_RANGE_LOOP_ANALYSIS = YES;
				CLANG_WARN_STRICT_PROTOTYPES = YES;
				CLANG_WARN_SUSPICIOUS_MOVE = YES;
				CLANG_WARN_UNGUARDED_AVAILABILITY = YES_AGGRESSIVE;
				CLANG_WARN_UNREACHABLE_CODE = YES;
				CLANG_WARN__DUPLICATE_METHOD_MATCH = YES;
				COPY_PHASE_STRIP = NO;
				DEBUG_INFORMATION_FORMAT = dwarf;
				ENABLE_STRICT_OBJC_MSGSEND = YES;
				ENABLE_TESTABILITY = YES;
				GCC_C_LANGUAGE_STANDARD = gnu11;
				GCC_DYNAMIC_NO_PIC = NO;
				GCC_NO_COMMON_BLOCKS = YES;
				GCC_OPTIMIZATION_LEVEL = 0;
				GCC_PREPROCESSOR_DEFINITIONS = (
					"DEBUG=1",
					"$(inherited)",
				);
				GCC_WARN_64_TO_32_BIT_CONVERSION = YES;
				GCC_WARN_ABOUT_RETURN_TYPE = YES_ERROR;
				GCC_WARN_UNDECLARED_SELECTOR = YES;
				GCC_WARN_UNINITIALIZED_AUTOS = YES_AGGRESSIVE;
				GCC_WARN_UNUSED_FUNCTION = YES;
				GCC_WARN_UNUSED_VARIABLE = YES;
				IPHONEOS_DEPLOYMENT_TARGET = 15.0;
				MTL_ENABLE_DEBUG_INFO = INCLUDE_SOURCE;
				MTL_FAST_MATH = YES;
				ONLY_ACTIVE_ARCH = YES;
				SDKROOT = iphoneos;
				SWIFT_ACTIVE_COMPILATION_CONDITIONS = DEBUG;
				SWIFT_OPTIMIZATION_LEVEL = "-Onone";
			};
			name = Debug;
		};
		5F694AEF277DC76A007BF80A /* Release */ = {
			isa = XCBuildConfiguration;
			buildSettings = {
				ALWAYS_SEARCH_USER_PATHS = NO;
				CLANG_ANALYZER_NONNULL = YES;
				CLANG_ANALYZER_NUMBER_OBJECT_CONVERSION = YES_AGGRESSIVE;
				CLANG_CXX_LANGUAGE_STANDARD = "gnu++17";
				CLANG_CXX_LIBRARY = "libc++";
				CLANG_ENABLE_MODULES = YES;
				CLANG_ENABLE_OBJC_ARC = YES;
				CLANG_ENABLE_OBJC_WEAK = YES;
				CLANG_WARN_BLOCK_CAPTURE_AUTORELEASING = YES;
				CLANG_WARN_BOOL_CONVERSION = YES;
				CLANG_WARN_COMMA = YES;
				CLANG_WARN_CONSTANT_CONVERSION = YES;
				CLANG_WARN_DEPRECATED_OBJC_IMPLEMENTATIONS = YES;
				CLANG_WARN_DIRECT_OBJC_ISA_USAGE = YES_ERROR;
				CLANG_WARN_DOCUMENTATION_COMMENTS = YES;
				CLANG_WARN_EMPTY_BODY = YES;
				CLANG_WARN_ENUM_CONVERSION = YES;
				CLANG_WARN_INFINITE_RECURSION = YES;
				CLANG_WARN_INT_CONVERSION = YES;
				CLANG_WARN_NON_LITERAL_NULL_CONVERSION = YES;
				CLANG_WARN_OBJC_IMPLICIT_RETAIN_SELF = YES;
				CLANG_WARN_OBJC_LITERAL_CONVERSION = YES;
				CLANG_WARN_OBJC_ROOT_CLASS = YES_ERROR;
				CLANG_WARN_QUOTED_INCLUDE_IN_FRAMEWORK_HEADER = YES;
				CLANG_WARN_RANGE_LOOP_ANALYSIS = YES;
				CLANG_WARN_STRICT_PROTOTYPES = YES;
				CLANG_WARN_SUSPICIOUS_MOVE = YES;
				CLANG_WARN_UNGUARDED_AVAILABILITY = YES_AGGRESSIVE;
				CLANG_WARN_UNREACHABLE_CODE = YES;
				CLANG_WARN__DUPLICATE_METHOD_MATCH = YES;
				COPY_PHASE_STRIP = NO;
				DEBUG_INFORMATION_FORMAT = "dwarf-with-dsym";
				ENABLE_NS_ASSERTIONS = NO;
				ENABLE_STRICT_OBJC_MSGSEND = YES;
				GCC_C_LANGUAGE_STANDARD = gnu11;
				GCC_NO_COMMON_BLOCKS = YES;
				GCC_WARN_64_TO_32_BIT_CONVERSION = YES;
				GCC_WARN_ABOUT_RETURN_TYPE = YES_ERROR;
				GCC_WARN_UNDECLARED_SELECTOR = YES;
				GCC_WARN_UNINITIALIZED_AUTOS = YES_AGGRESSIVE;
				GCC_WARN_UNUSED_FUNCTION = YES;
				GCC_WARN_UNUSED_VARIABLE = YES;
				IPHONEOS_DEPLOYMENT_TARGET = 15.0;
				MTL_ENABLE_DEBUG_INFO = NO;
				MTL_FAST_MATH = YES;
				SDKROOT = iphoneos;
				SWIFT_COMPILATION_MODE = wholemodule;
				SWIFT_OPTIMIZATION_LEVEL = "-O";
				VALIDATE_PRODUCT = YES;
			};
			name = Release;
		};
		5F694AF1277DC76A007BF80A /* Debug */ = {
			isa = XCBuildConfiguration;
			buildSettings = {
				ASSETCATALOG_COMPILER_APPICON_NAME = AppIcon;
				ASSETCATALOG_COMPILER_GLOBAL_ACCENT_COLOR_NAME = AccentColor;
				CODE_SIGN_STYLE = Automatic;
				CURRENT_PROJECT_VERSION = 1;
				GENERATE_INFOPLIST_FILE = YES;
				INFOPLIST_FILE = "Messenger Application/Info.plist";
				INFOPLIST_KEY_UIApplicationSupportsIndirectInputEvents = YES;
				INFOPLIST_KEY_UILaunchStoryboardName = LaunchScreen;
				INFOPLIST_KEY_UIMainStoryboardFile = Main;
				INFOPLIST_KEY_UISupportedInterfaceOrientations_iPad = "UIInterfaceOrientationPortrait UIInterfaceOrientationPortraitUpsideDown UIInterfaceOrientationLandscapeLeft UIInterfaceOrientationLandscapeRight";
				INFOPLIST_KEY_UISupportedInterfaceOrientations_iPhone = "UIInterfaceOrientationPortrait UIInterfaceOrientationLandscapeLeft UIInterfaceOrientationLandscapeRight";
				LD_RUNPATH_SEARCH_PATHS = (
					"$(inherited)",
					"@executable_path/Frameworks",
				);
				MARKETING_VERSION = 1.0;
				PRODUCT_BUNDLE_IDENTIFIER = "lamia.Messenger-Application";
				PRODUCT_NAME = "$(TARGET_NAME)";
				SWIFT_EMIT_LOC_STRINGS = YES;
				SWIFT_VERSION = 5.0;
				TARGETED_DEVICE_FAMILY = "1,2";
			};
			name = Debug;
		};
		5F694AF2277DC76A007BF80A /* Release */ = {
			isa = XCBuildConfiguration;
			buildSettings = {
				ASSETCATALOG_COMPILER_APPICON_NAME = AppIcon;
				ASSETCATALOG_COMPILER_GLOBAL_ACCENT_COLOR_NAME = AccentColor;
				CODE_SIGN_STYLE = Automatic;
				CURRENT_PROJECT_VERSION = 1;
				GENERATE_INFOPLIST_FILE = YES;
				INFOPLIST_FILE = "Messenger Application/Info.plist";
				INFOPLIST_KEY_UIApplicationSupportsIndirectInputEvents = YES;
				INFOPLIST_KEY_UILaunchStoryboardName = LaunchScreen;
				INFOPLIST_KEY_UIMainStoryboardFile = Main;
				INFOPLIST_KEY_UISupportedInterfaceOrientations_iPad = "UIInterfaceOrientationPortrait UIInterfaceOrientationPortraitUpsideDown UIInterfaceOrientationLandscapeLeft UIInterfaceOrientationLandscapeRight";
				INFOPLIST_KEY_UISupportedInterfaceOrientations_iPhone = "UIInterfaceOrientationPortrait UIInterfaceOrientationLandscapeLeft UIInterfaceOrientationLandscapeRight";
				LD_RUNPATH_SEARCH_PATHS = (
					"$(inherited)",
					"@executable_path/Frameworks",
				);
				MARKETING_VERSION = 1.0;
				PRODUCT_BUNDLE_IDENTIFIER = "lamia.Messenger-Application";
				PRODUCT_NAME = "$(TARGET_NAME)";
				SWIFT_EMIT_LOC_STRINGS = YES;
				SWIFT_VERSION = 5.0;
				TARGETED_DEVICE_FAMILY = "1,2";
			};
			name = Release;
		};
/* End XCBuildConfiguration section */

/* Begin XCConfigurationList section */
		5F694AD4277DC761007BF80A /* Build configuration list for PBXProject "Messenger Application" */ = {
			isa = XCConfigurationList;
			buildConfigurations = (
				5F694AEE277DC76A007BF80A /* Debug */,
				5F694AEF277DC76A007BF80A /* Release */,
			);
			defaultConfigurationIsVisible = 0;
			defaultConfigurationName = Release;
		};
		5F694AF0277DC76A007BF80A /* Build configuration list for PBXNativeTarget "Messenger Application" */ = {
			isa = XCConfigurationList;
			buildConfigurations = (
				5F694AF1277DC76A007BF80A /* Debug */,
				5F694AF2277DC76A007BF80A /* Release */,
			);
			defaultConfigurationIsVisible = 0;
			defaultConfigurationName = Release;
		};
/* End XCConfigurationList section */

/* Begin XCRemoteSwiftPackageReference section */
		5FD6745C277E2A0D00150D0D /* XCRemoteSwiftPackageReference "firebase-ios-sdk" */ = {
			isa = XCRemoteSwiftPackageReference;
			repositoryURL = "https://github.com/firebase/firebase-ios-sdk";
			requirement = {
				branch = master;
				kind = branch;
			};
		};
/* End XCRemoteSwiftPackageReference section */

/* Begin XCSwiftPackageProductDependency section */
		5FD6745D277E2A0E00150D0D /* FirebaseAnalytics */ = {
			isa = XCSwiftPackageProductDependency;
			package = 5FD6745C277E2A0D00150D0D /* XCRemoteSwiftPackageReference "firebase-ios-sdk" */;
			productName = FirebaseAnalytics;
		};
		5FD6745F277E2A0E00150D0D /* FirebaseAuth */ = {
			isa = XCSwiftPackageProductDependency;
			package = 5FD6745C277E2A0D00150D0D /* XCRemoteSwiftPackageReference "firebase-ios-sdk" */;
			productName = FirebaseAuth;
		};
		5FD67461277E2A0E00150D0D /* FirebaseDatabase */ = {
			isa = XCSwiftPackageProductDependency;
			package = 5FD6745C277E2A0D00150D0D /* XCRemoteSwiftPackageReference "firebase-ios-sdk" */;
			productName = FirebaseDatabase;
		};
		5FD67463277E2A0E00150D0D /* FirebaseStorage */ = {
			isa = XCSwiftPackageProductDependency;
			package = 5FD6745C277E2A0D00150D0D /* XCRemoteSwiftPackageReference "firebase-ios-sdk" */;
			productName = FirebaseStorage;
		};
/* End XCSwiftPackageProductDependency section */

/* Begin XCVersionGroup section */
		5F694AE5277DC761007BF80A /* Messenger_Application.xcdatamodeld */ = {
			isa = XCVersionGroup;
			children = (
				5F694AE6277DC761007BF80A /* Messenger_Application.xcdatamodel */,
			);
			currentVersion = 5F694AE6277DC761007BF80A /* Messenger_Application.xcdatamodel */;
			path = Messenger_Application.xcdatamodeld;
			sourceTree = "<group>";
			versionGroupType = wrapper.xcdatamodel;
		};
/* End XCVersionGroup section */
	};
	rootObject = 5F694AD1277DC761007BF80A /* Project object */;
}
